version = 1
revision = 3
requires-python = ">=3.10"

[[package]]
name = "colorama"
version = "0.4.6"
source = { registry = "https://pypi.org/simple" }
sdist = { url = "https://files.pythonhosted.org/packages/d8/53/6f443c9a4a8358a93a6792e2acffb9d9d5cb0a5cfd8802644b7b1c9a02e4/colorama-0.4.6.tar.gz", hash = "sha256:08695f5cb7ed6e0531a20572697297273c47b8cae5a63ffc6d6ed5c201be6e44", size = 27697, upload-time = "2022-10-25T02:36:22.414Z" }
wheels = [
    { url = "https://files.pythonhosted.org/packages/d1/d6/3965ed04c63042e047cb6a3e6ed1a63a35087b6a609aa3a15ed8ac56c221/colorama-0.4.6-py2.py3-none-any.whl", hash = "sha256:4f1d9991f5acc0ca119f9d443620b77f9d6b33703e51011c16baf57afb285fc6", size = 25335, upload-time = "2022-10-25T02:36:20.889Z" },
]

[[package]]
name = "exceptiongroup"
version = "1.3.1"
source = { registry = "https://pypi.org/simple" }
dependencies = [
    { name = "typing-extensions", marker = "python_full_version < '3.13'" },
]
sdist = { url = "https://files.pythonhosted.org/packages/50/79/66800aadf48771f6b62f7eb014e352e5d06856655206165d775e675a02c9/exceptiongroup-1.3.1.tar.gz", hash = "sha256:8b412432c6055b0b7d14c310000ae93352ed6754f70fa8f7c34141f91c4e3219", size = 30371, upload-time = "2025-11-21T23:01:54.787Z" }
wheels = [
    { url = "https://files.pythonhosted.org/packages/8a/0e/97c33bf5009bdbac74fd2beace167cab3f978feb69cc36f1ef79360d6c4e/exceptiongroup-1.3.1-py3-none-any.whl", hash = "sha256:a7a39a3bd276781e98394987d3a5701d0c4edffb633bb7a5144577f82c773598", size = 16740, upload-time = "2025-11-21T23:01:53.443Z" },
]

[[package]]
name = "iniconfig"
version = "2.3.0"
source = { registry = "https://pypi.org/simple" }
sdist = { url = "https://files.pythonhosted.org/packages/72/34/14ca021ce8e5dfedc35312d08ba8bf51fdd999c576889fc2c24cb97f4f10/iniconfig-2.3.0.tar.gz", hash = "sha256:c76315c77db068650d49c5b56314774a7804df16fee4402c1f19d6d15d8c4730", size = 20503, upload-time = "2025-10-18T21:55:43.219Z" }
wheels = [
    { url = "https://files.pythonhosted.org/packages/cb/b1/3846dd7f199d53cb17f49cba7e651e9ce294d8497c8c150530ed11865bb8/iniconfig-2.3.0-py3-none-any.whl", hash = "sha256:f631c04d2c48c52b84d0d0549c99ff3859c98df65b3101406327ecc7d53fbf12", size = 7484, upload-time = "2025-10-18T21:55:41.639Z" },
]

[[package]]
name = "klayout"
version = "0.30.10"
source = { registry = "https://pypi.org/simple" }
sdist = { url = "https://files.pythonhosted.org/packages/c3/76/d05c6b796efd837bed107d0189ed552ff27ff9513619954e587f7507c098/klayout-0.30.10.tar.gz", hash = "sha256:cb54fadc10b488f157e623f62941f7c4d76d43b4756064a966770b8e8ebad9bb", size = 4485851, upload-time = "2026-07-28T18:22:21.03Z" }
wheels = [
    { url = "https://files.pythonhosted.org/packages/ae/7c/b7526baf09594d1ab7eac2319dd13de0bc1aaf9ba31387e38ea6582ed572/klayout-0.30.10-cp310-cp310-macosx_10_9_x86_64.whl", hash = "sha256:5eed6b101f5b420b753bb969aac39cd4fddce11ff67656eb76eccf2b901248c8", size = 21597356, upload-time = "2026-07-28T18:20:40.899Z" },
    { url = "https://files.pythonhosted.org/packages/b7/c8/16ccc274697529c59ad81b562a88290d8c50e04b75216ff15149fa956d2d/klayout-0.30.10-cp310-cp310-macosx_11_0_arm64.whl", hash = "sha256:c4932fbd4be9ded2fa5d3dc6e5af45fd755b0c548246b40808197dc3ec25cacc", size = 21318035, upload-time = "2026-07-28T18:20:44.265Z" },
    { url = "https://files.pythonhosted.org/packages/1d/4f/ca17ba2bd0dec79eb67f6d46de242dd0bad13c2a722859f011f8d91476eb/klayout-0.30.10-cp310-cp310-manylinux_2_27_aarch64.manylinux_2_28_aarch64.whl", hash = "sha256:985a2add18cd3fe03ec9eabaa6f5c2fdd8c2a9da9fc15d5d5cb5b983d1eefce8", size = 25318841, upload-time = "2026-07-28T18:20:47.257Z" },
    { url = "https://files.pythonhosted.org/packages/d4/21/0dc5e24210cc1ce8c0c972245e222dd8190eb4c88ca92622fafc55ab01fe/klayout-0.30.10-cp310-cp310-manylinux_2_27_x86_64.manylinux_2_28_x86_64.whl", hash = "sha256:c490fb12526a091d98a756c2f9f084b4702ba5f8ee2c948797d9df21f4c90739", size = 27289836, upload-time = "2026-07-28T18:20:50.645Z" },
    { url = "https://files.pythonhosted.org/packages/3c/6b/2bd27d44d16501d87e091fdda8ce7e3d5c8842dcd6ffeb0df7b33c753bbe/klayout-0.30.10-cp310-cp310-musllinux_1_2_x86_64.whl", hash = "sha256:6e33c970afc3b71ede96ceb85d1016f98984a23de0fbf174ec20370663abbece", size = 28856095, upload-time = "2026-07-28T18:20:54.177Z" },
    { url = "https://files.pythonhosted.org/packages/02/9f/4fe5b3de50df42f2a29c61987236c2649f8ee148edb48e4779dff8bb93d2/klayout-0.30.10-cp310-cp310-win32.whl", hash = "sha256:d480796b12b1db2437e01b83c61a292830d3d9804c0e041cbf1318fb232fe279", size = 12279642, upload-time = "2026-07-28T17:41:47.519Z" },
    { url = "https://files.pythonhosted.org/packages/e4/04/6b8b5941bf19c23714f5723692ab7c313666ee2e6fdea894f7f431318d21/klayout-0.30.10-cp310-cp310-win_amd64.whl", hash = "sha256:ddba11fb152b43651f5a28dbda59ffd5e2918559c267a0edf64b9759a5f667e1", size = 13856036, upload-time = "2026-07-28T17:41:49.642Z" },
    { url = "https://files.pythonhosted.org/packages/aa/16/f778f43b4b227b51a4aa84f672bda18fb9f38f8930a7e4269f2857e976e5/klayout-0.30.10-cp311-cp311-macosx_10_9_x86_64.whl", hash = "sha256:5ec789c888750d295af2c91692768d46bf0b9a7add846c102d147d13996afcfa", size = 21597349, upload-time = "2026-07-28T18:20:57.21Z" },
    { url = "https://files.pythonhosted.org/packages/3d/48/7086efb6d2d4261923e8d58d46af80330a2634a59817efab2ed47d4bee34/klayout-0.30.10-cp311-cp311-macosx_11_0_arm64.whl", hash = "sha256:291c23a1cf2f88b5eb3dc86624854565fe24ae57485b104abd55e75980843e85", size = 21318121, upload-time = "2026-07-28T18:21:00.149Z" },
    { url = "https://files.pythonhosted.org/packages/75/c5/7bcc143753b4ae3b8154e357becd74f0418abd481f20073d444804c890b8/klayout-0.30.10-cp311-cp311-manylinux_2_27_aarch64.manylinux_2_28_aarch64.whl", hash = "sha256:cb5679e1d75e0cf6ce6a1054094a8054ee2b8dcf0492a5161aad0163f1219262", size = 25318909, upload-time = "2026-07-28T18:21:03.109Z" },
    { url = "https://files.pythonhosted.org/packages/19/59/ba1c2cac637e7641008f4204ac81017d6bb995dba3235cf9de7baabc70ae/klayout-0.30.10-cp311-cp311-manylinux_2_27_x86_64.manylinux_2_28_x86_64.whl", hash = "sha256:6d524112ea8b126744d50ddb51d36bffacd27ae4bd885c5960cff979282fcd98", size = 27289783, upload-time = "2026-07-28T18:21:06.231Z" },
    { url = "https://files.pythonhosted.org/packages/75/96/3eb3ec47529ff58f4ee3304e22ee916f1a2188b6a2798eb2dea227d64112/klayout-0.30.10-cp311-cp311-musllinux_1_2_x86_64.whl", hash = "sha256:710f525f30ecfcd03f04086184db93c6b4feeddc7b0f99988da7ef79ecb4a283", size = 28856134, upload-time = "2026-07-28T18:21:09.653Z" },
    { url = "https://files.pythonhosted.org/packages/67/d1/f539bc40b053c615c40ad8f35e6f0e3a1173ec58fd122a68da9f606a6df0/klayout-0.30.10-cp311-cp311-win32.whl", hash = "sha256:a4c03a9208e80e2c104a55c2d42033667dc637f9e71b024b708abf28207cd7df", size = 12279665, upload-time = "2026-07-28T17:41:51.509Z" },
    { url = "https://files.pythonhosted.org/packages/f9/0a/cf3818364d477dc033bb611bb1459a4dfd2a90e5a6faf580f1845ec05463/klayout-0.30.10-cp311-cp311-win_amd64.whl", hash = "sha256:3656a0a263bc5db3094546d8d2ac245c7ab3b70440d2716c2fc3771d8f9f5041", size = 13856357, upload-time = "2026-07-28T17:41:53.464Z" },
    { url = "https://files.pythonhosted.org/packages/2f/aa/045f6330f04afb46f9b152eca457a542d2df2e753d7509dcc6a79bc9be23/klayout-0.30.10-cp312-cp312-macosx_10_13_x86_64.whl", hash = "sha256:be74a7f48905fbd44e3a832696211656d68612de98538a5f04ca5fcb39ab13de", size = 21192598, upload-time = "2026-07-28T18:21:12.65Z" },
    { url = "https://files.pythonhosted.org/packages/23/eb/ac87c6fb67fd769d9588831c6bfa25cbb71495efd443771f7f81ab993571/klayout-0.30.10-cp312-cp312-macosx_11_0_arm64.whl", hash = "sha256:6242cf94e91110e9863da0ae88566d8d93f6afe1839bdbd70df386216d30bf49", size = 21318085, upload-time = "2026-07-28T18:21:15.75Z" },
    { url = "https://files.pythonhosted.org/packages/9d/d1/efb7945a280e9947c9e38886d7c7288c2a195e00261ff1a1e48e1772db81/klayout-0.30.10-cp312-cp312-manylinux_2_27_aarch64.manylinux_2_28_aarch64.whl", hash = "sha256:38df7a3d698b0f72053ff5315b02550363b62e0783f9ea81e221a2dddf4529fa", size = 25336879, upload-time = "2026-07-28T18:21:19.301Z" },
    { url = "https://files.pythonhosted.org/packages/30/2b/e49da52e2e977d7eb404f5ddb1df09755443adaa7689330bf5eec8777dff/klayout-0.30.10-cp312-cp312-manylinux_2_27_x86_64.manylinux_2_28_x86_64.whl", hash = "sha256:ace8a9fb7daf7cbae552e290f48423e8ed09215442d66cedf3fa970634392190", size = 27305752, upload-time = "2026-07-28T18:21:23.048Z" },
    { url = "https://files.pythonhosted.org/packages/89/9b/b997c6acfde5a3ad4206a8c0297c7fdd6591f60f5d28898afb803eac1d79/klayout-0.30.10-cp312-cp312-musllinux_1_2_x86_64.whl", hash = "sha256:064ff67cf6db6ea872b7ba617f65715644b6e6eb0304f04a3391de8322500875", size = 28870948, upload-time = "2026-07-28T18:21:27.052Z" },
    { url = "https://files.pythonhosted.org/packages/9e/22/7bf722ac7c33ec5683d58e8ea0fe931fb03720ebadfb4151c5eedc5ac967/klayout-0.30.10-cp312-cp312-win32.whl", hash = "sha256:babea621c4410346be81e40f27c94e5f4e61ad9314cba6470749b89a0702df47", size = 12280849, upload-time = "2026-07-28T17:41:56.472Z" },
    { url = "https://files.pythonhosted.org/packages/55/8d/922f2753fd3f45383a791a376a43bcac9f3ea9af30b52c2642e08090d6b9/klayout-0.30.10-cp312-cp312-win_amd64.whl", hash = "sha256:b713c6c3bafa73234e0f022d2fc44be7130b2974f616409a69178ee2e0db0da8", size = 13855627, upload-time = "2026-07-28T17:41:58.193Z" },
    { url = "https://files.pythonhosted.org/packages/98/90/19048f0bec9ed792f940246d95fd11c59f8ecf279cfd6091383d00c0c05a/klayout-0.30.10-cp313-cp313-macosx_10_13_x86_64.whl", hash = "sha256:a456f3c90732ef2678fc4ca048f99cac9221240b3e0898a44faf138137621879", size = 21192695, upload-time = "2026-07-28T18:21:30.648Z" },
    { url = "https://files.pythonhosted.org/packages/0c/78/8e15a460f35d0f46b797dab3722c3a5d992818ee21aa70a1f7108507140d/klayout-0.30.10-cp313-cp313-macosx_11_0_arm64.whl", hash = "sha256:38de90a466102135350ebe07a73ce8d449d3b9a22000f620500740735ccfe6b1", size = 21318210, upload-time = "2026-07-28T18:21:34.123Z" },
    { url = "https://files.pythonhosted.org/packages/bf/d4/806e47eb98791d9a43fda80f6f3c5447e0efc51e1a44880fe69599c762b4/klayout-0.30.10-cp313-cp313-manylinux_2_27_aarch64.manylinux_2_28_aarch64.whl", hash = "sha256:6280460c4cb9375b0fd43ff659973bfe28d52ca16763dde73d680f9dfcf33fca", size = 25336879, upload-time = "2026-07-28T18:21:37.393Z" },
    { url = "https://files.pythonhosted.org/packages/99/7f/0b9c14c6ee255078f048a26e264a3b5deb746236f8372feedbb3bc71ea24/klayout-0.30.10-cp313-cp313-manylinux_2_27_x86_64.manylinux_2_28_x86_64.whl", hash = "sha256:f9ad4087eb050b370382ab4a9dae8ce6a2d0866aea9b13ad49f048b7dff701f9", size = 27305782, upload-time = "2026-07-28T18:21:41.073Z" },
    { url = "https://files.pythonhosted.org/packages/5a/56/54f47b4fed11e24d2819d8cc4203fb672de24c03c891f8dd6ccb6e19e852/klayout-0.30.10-cp313-cp313-musllinux_1_2_x86_64.whl", hash = "sha256:d24818b3870607ebd6bd36edb27b8267c4e5412e504f9bc1a2a90b0b8810285c", size = 28870975, upload-time = "2026-07-28T18:21:45.12Z" },
    { url = "https://files.pythonhosted.org/packages/e7/a5/38f3354524ea049b194aa544bfac65800176f1e5e886a57fc9d26cdc6752/klayout-0.30.10-cp313-cp313-win32.whl", hash = "sha256:10a39949e1ba502ca987c56ff785b8b356483d1b1b25bec5678880a91fd3d99c", size = 12280801, upload-time = "2026-07-28T17:42:00.4Z" },
    { url = "https://files.pythonhosted.org/packages/37/f9/b33ae6d01bd1aafbdbeef4ac1fcfcb9160310993d97de7f3eaba6c5f2422/klayout-0.30.10-cp313-cp313-win_amd64.whl", hash = "sha256:8464f935e72cf0e5debccafd2e79cfda2790307bf8168c054e978b11f84dd2e0", size = 13855637, upload-time = "2026-07-28T17:42:02.208Z" },
    { url = "https://files.pythonhosted.org/packages/f5/c0/8ff3e8cad97794df95e5b7af2754b579362efcac8505fbb0ea6ed665a740/klayout-0.30.10-cp314-cp314-macosx_10_15_x86_64.whl", hash = "sha256:aab6ac8e438669b869d795625cda5eae1c1c76b12190f32f7c12e9cc8add5f8e", size = 21197539, upload-time = "2026-07-28T18:21:48.799Z" },
    { url = "https://files.pythonhosted.org/packages/1a/68/fd52b6f5cfdedcbe187d3b0abc0963207ed806fef14dba7732d71bab5886/klayout-0.30.10-cp314-cp314-macosx_11_0_arm64.whl", hash = "sha256:c5f242d5239919f58406e11edcb0add30127cdfe5b63e10b94c6956df0d7404e", size = 21318443, upload-time = "2026-07-28T18:21:51.908Z" },
    { url = "https://files.pythonhosted.org/packages/ac/aa/378c5b1b510410ff2b3c321fd3bb381c16e5661af87e4d5d7560ca153131/klayout-0.30.10-cp314-cp314-manylinux_2_27_aarch64.manylinux_2_28_aarch64.whl", hash = "sha256:bfdbb8ee9211932407a480f03916df19f8a4359b1e512b46ae89bc6a55294064", size = 25337180, upload-time = "2026-07-28T18:21:55.546Z" },
    { url = "https://files.pythonhosted.org/packages/50/66/0c9ab22241a9709dd8314ba58265992f8c62e471ff3b345b03dbf5285cca/klayout-0.30.10-cp314-cp314-manylinux_2_27_x86_64.manylinux_2_28_x86_64.whl", hash = "sha256:16ac0bd4af73aeeab46986c92cbd8b8e73091a6ea95bd5a174b438544829d9be", size = 27305811, upload-time = "2026-07-28T18:21:58.866Z" },
    { url = "https://files.pythonhosted.org/packages/5e/6e/e8e4c7ac90f05bfe1f796e32365f08b11f14163acd3db1a119f143ec0a46/klayout-0.30.10-cp314-cp314-musllinux_1_2_x86_64.whl", hash = "sha256:b720427e64c2f50b86159dc121c55bfd52c44f5462032f126d3b758deabd0424", size = 28871106, upload-time = "2026-07-28T18:22:02.348Z" },
    { url = "https://files.pythonhosted.org/packages/3e/03/79584b423cc0073fa842c6aeb691e66f0245a6620e0dd81ed59ed7cdb8cc/klayout-0.30.10-cp314-cp314-win32.whl", hash = "sha256:eaebbf5c12f554806b386cdef6214db6337856d26864eade6ce01b3cf702469e", size = 12571059, upload-time = "2026-07-28T17:42:03.923Z" },
    { url = "https://files.pythonhosted.org/packages/28/9e/7c608180e8f942d4819de25eb2bad7a56c280a774bb7622f43f041002c01/klayout-0.30.10-cp314-cp314-win_amd64.whl", hash = "sha256:978784f523d58c1442f58e6cd29cc6981890f252895e83946845caaf6f95900d", size = 14226145, upload-time = "2026-07-28T17:42:06.012Z" },
    { url = "https://files.pythonhosted.org/packages/4e/77/809158da64ad1022a2c33c4fc85b56fc6d9e7d68a582c177109f43f2b0a6/klayout-0.30.10-cp314-cp314t-macosx_10_15_x86_64.whl", hash = "sha256:e22d922fb8beffe67b732585b27ec40b79edc1d6fa2adcc693f97b956c571ae8", size = 21197724, upload-time = "2026-07-28T18:22:05.579Z" },
    { url = "https://files.pythonhosted.org/packages/d9/a2/0134f706b2938dbf75f4b9d55b428150b0ca60537c6ca98868efbbca324d/klayout-0.30.10-cp314-cp314t-macosx_11_0_arm64.whl", hash = "sha256:300cc9d2581d53e3f3b2d3a5049cce6d118b03dd15d243d32e7b16b86d392fc9", size = 21319359, upload-time = "2026-07-28T18:22:08.711Z" },
    { url = "https://files.pythonhosted.org/packages/cc/e5/8a8592f59070f125a25a0c90f27fbe58df595741693d8df92231830a8999/klayout-0.30.10-cp314-cp314t-manylinux_2_27_aarch64.manylinux_2_28_aarch64.whl", hash = "sha256:db663f959b45fab0912b21f57649c326a46ca27d8c792a67d07eaeedd788c144", size = 25338022, upload-time = "2026-07-28T18:22:11.765Z" },
    { url = "https://files.pythonhosted.org/packages/1f/35/2f876600b206c585dc1a02ab0ac9f1d4d55cbb71a1596cf71294bc540b19/klayout-0.30.10-cp314-cp314t-manylinux_2_27_x86_64.manylinux_2_28_x86_64.whl", hash = "sha256:792fd1e040d6e6b0daab76464d94bc0dec57ff2be15cfdba8e07a44cf9d6d8bc", size = 27306667, upload-time = "2026-07-28T18:22:15.067Z" },
    { url = "https://files.pythonhosted.org/packages/9b/a1/48e6cc172383a906012993cb8fe33fd276c6ab54d88a0628f4b2910395be/klayout-0.30.10-cp314-cp314t-musllinux_1_2_x86_64.whl", hash = "sha256:1a3bad610eb50bf7a878b79caa50de5062d403a363a1c0bc4aa7205fe0340f6c", size = 28872172, upload-time = "2026-07-28T18:22:18.631Z" },
]

[[package]]
name = "klayout-tools"
version = "0.0.1"
source = { editable = "." }
dependencies = [
    { name = "klayout" },
]

[package.optional-dependencies]
dev = [
    { name = "pytest" },
]

[package.metadata]
requires-dist = [
    { name = "klayout", specifier = ">=0.29" },
    { name = "pytest", marker = "extra == 'dev'", specifier = ">=8.0" },
]
provides-extras = ["dev"]

[[package]]
name = "packaging"
version = "26.2"
source = { registry = "https://pypi.org/simple" }
sdist = { url = "https://files.pythonhosted.org/packages/d7/f1/e7a6dd94a8d4a5626c03e4e99c87f241ba9e350cd9e6d75123f992427270/packaging-26.2.tar.gz", hash = "sha256:ff452ff5a3e828ce110190feff1178bb1f2ea2281fa2075aadb987c2fb221661", size = 228134, upload-time = "2026-04-24T20:15:23.917Z" }
wheels = [
    { url = "https://files.pythonhosted.org/packages/df/b2/87e62e8c3e2f4b32e5fe99e0b86d576da1312593b39f47d8ceef365e95ed/packaging-26.2-py3-none-any.whl", hash = "sha256:5fc45236b9446107ff2415ce77c807cee2862cb6fac22b8a73826d0693b0980e", size = 100195, upload-time = "2026-04-24T20:15:22.081Z" },
]

[[package]]
name = "pluggy"
version = "1.6.0"
source = { registry = "https://pypi.org/simple" }
sdist = { url = "https://files.pythonhosted.org/packages/f9/e2/3e91f31a7d2b083fe6ef3fa267035b518369d9511ffab804f839851d2779/pluggy-1.6.0.tar.gz", hash = "sha256:7dcc130b76258d33b90f61b658791dede3486c3e6bfb003ee5c9bfb396dd22f3", size = 69412, upload-time = "2025-05-15T12:30:07.975Z" }
wheels = [
    { url = "https://files.pythonhosted.org/packages/54/20/4d324d65cc6d9205fabedc306948156824eb9f0ee1633355a8f7ec5c66bf/pluggy-1.6.0-py3-none-any.whl", hash = "sha256:e920276dd6813095e9377c0bc5566d94c932c33b27a3e3945d8389c374dd4746", size = 20538, upload-time = "2025-05-15T12:30:06.134Z" },
]

[[package]]
name = "pygments"
version = "2.20.0"
source = { registry = "https://pypi.org/simple" }
sdist = { url = "https://files.pythonhosted.org/packages/c3/b2/bc9c9196916376152d655522fdcebac55e66de6603a76a02bca1b6414f6c/pygments-2.20.0.tar.gz", hash = "sha256:6757cd03768053ff99f3039c1a36d6c0aa0b263438fcab17520b30a303a82b5f", size = 4955991, upload-time = "2026-03-29T13:29:33.898Z" }
wheels = [
    { url = "https://files.pythonhosted.org/packages/f4/7e/a72dd26f3b0f4f2bf1dd8923c85f7ceb43172af56d63c7383eb62b332364/pygments-2.20.0-py3-none-any.whl", hash = "sha256:81a9e26dd42fd28a23a2d169d86d7ac03b46e2f8b59ed4698fb4785f946d0176", size = 1231151, upload-time = "2026-03-29T13:29:30.038Z" },
]

[[package]]
name = "pytest"
version = "9.1.1"
source = { registry = "https://pypi.org/simple" }
dependencies = [
    { name = "colorama", marker = "sys_platform == 'win32'" },
    { name = "exceptiongroup", marker = "python_full_version < '3.11'" },
    { name = "iniconfig" },
    { name = "packaging" },
    { name = "pluggy" },
    { name = "pygments" },
    { name = "tomli", marker = "python_full_version < '3.11'" },
]
sdist = { url = "https://files.pythonhosted.org/packages/e4/47/b9efed96c114afcfa3c9d3fe98a76a1d14c74a9e266d397cf6eb64be5e01/pytest-9.1.1.tar.gz", hash = "sha256:1088fbde8f2b49d95a549a195707afa7a76a3ce9bcadc26b6d71f0ffda5fe313", size = 1636369, upload-time = "2026-06-19T10:58:32.857Z" }
wheels = [
    { url = "https://files.pythonhosted.org/packages/24/25/1de2678b631f5a49215c6c96fff41ba892b0a34df68d6d80292b1b48aa7f/pytest-9.1.1-py3-none-any.whl", hash = "sha256:37a86b45efb9a47a61a36449063e8e18d0cab3161329fc099eb21783169c4f0c", size = 386536, upload-time = "2026-06-19T10:58:31.347Z" },
]

[[package]]
name = "tomli"
version = "2.4.1"
source = { registry = "https://pypi.org/simple" }
sdist = { url = "https://files.pythonhosted.org/packages/22/de/48c59722572767841493b26183a0d1cc411d54fd759c5607c4590b6563a6/tomli-2.4.1.tar.gz", hash = "sha256:7c7e1a961a0b2f2472c1ac5b69affa0ae1132c39adcb67aba98568702b9cc23f", size = 17543, upload-time = "2026-03-25T20:22:03.828Z" }
wheels = [
    { url = "https://files.pythonhosted.org/packages/f4/11/db3d5885d8528263d8adc260bb2d28ebf1270b96e98f0e0268d32b8d9900/tomli-2.4.1-cp311-cp311-macosx_10_9_x86_64.whl", hash = "sha256:f8f0fc26ec2cc2b965b7a3b87cd19c5c6b8c5e5f436b984e85f486d652285c30", size = 154704, upload-time = "2026-03-25T20:21:10.473Z" },
    { url = "https://files.pythonhosted.org/packages/6d/f7/675db52c7e46064a9aa928885a9b20f4124ecb9bc2e1ce74c9106648d202/tomli-2.4.1-cp311-cp311-macosx_11_0_arm64.whl", hash = "sha256:4ab97e64ccda8756376892c53a72bd1f964e519c77236368527f758fbc36a53a", size = 149454, upload-time = "2026-03-25T20:21:12.036Z" },
    { url = "https://files.pythonhosted.org/packages/61/71/81c50943cf953efa35bce7646caab3cf457a7d8c030b27cfb40d7235f9ee/tomli-2.4.1-cp311-cp311-manylinux2014_aarch64.manylinux_2_17_aarch64.manylinux_2_28_aarch64.whl", hash = "sha256:96481a5786729fd470164b47cdb3e0e58062a496f455ee41b4403be77cb5a076", size = 237561, upload-time = "2026-03-25T20:21:13.098Z" },
    { url = "https://files.pythonhosted.org/packages/48/c1/f41d9cb618acccca7df82aaf682f9b49013c9397212cb9f53219e3abac37/tomli-2.4.1-cp311-cp311-manylinux2014_x86_64.manylinux_2_17_x86_64.manylinux_2_28_x86_64.whl", hash = "sha256:5a881ab208c0baf688221f8cecc5401bd291d67e38a1ac884d6736cbcd8247e9", size = 243824, upload-time = "2026-03-25T20:21:14.569Z" },
    { url = "https://files.pythonhosted.org/packages/22/e4/5a816ecdd1f8ca51fb756ef684b90f2780afc52fc67f987e3c61d800a46d/tomli-2.4.1-cp311-cp311-musllinux_1_2_aarch64.whl", hash = "sha256:47149d5bd38761ac8be13a84864bf0b7b70bc051806bc3669ab1cbc56216b23c", size = 242227, upload-time = "2026-03-25T20:21:15.712Z" },
    { url = "https://files.pythonhosted.org/packages/6b/49/2b2a0ef529aa6eec245d25f0c703e020a73955ad7edf73e7f54ddc608aa5/tomli-2.4.1-cp311-cp311-musllinux_1_2_x86_64.whl", hash = "sha256:ec9bfaf3ad2df51ace80688143a6a4ebc09a248f6ff781a9945e51937008fcbc", size = 247859, upload-time = "2026-03-25T20:21:17.001Z" },
    { url = "https://files.pythonhosted.org/packages/83/bd/6c1a630eaca337e1e78c5903104f831bda934c426f9231429396ce3c3467/tomli-2.4.1-cp311-cp311-win32.whl", hash = "sha256:ff2983983d34813c1aeb0fa89091e76c3a22889ee83ab27c5eeb45100560c049", size = 97204, upload-time = "2026-03-25T20:21:18.079Z" },
    { url = "https://files.pythonhosted.org/packages/42/59/71461df1a885647e10b6bb7802d0b8e66480c61f3f43079e0dcd315b3954/tomli-2.4.1-cp311-cp311-win_amd64.whl", hash = "sha256:5ee18d9ebdb417e384b58fe414e8d6af9f4e7a0ae761519fb50f721de398dd4e", size = 108084, upload-time = "2026-03-25T20:21:18.978Z" },
    { url = "https://files.pythonhosted.org/packages/b8/83/dceca96142499c069475b790e7913b1044c1a4337e700751f48ed723f883/tomli-2.4.1-cp311-cp311-win_arm64.whl", hash = "sha256:c2541745709bad0264b7d4705ad453b76ccd191e64aa6f0fc66b69a293a45ece", size = 95285, upload-time = "2026-03-25T20:21:20.309Z" },
    { url = "https://files.pythonhosted.org/packages/c1/ba/42f134a3fe2b370f555f44b1d72feebb94debcab01676bf918d0cb70e9aa/tomli-2.4.1-cp312-cp312-macosx_10_13_x86_64.whl", hash = "sha256:c742f741d58a28940ce01d58f0ab2ea3ced8b12402f162f4d534dfe18ba1cd6a", size = 155924, upload-time = "2026-03-25T20:21:21.626Z" },
    { url = "https://files.pythonhosted.org/packages/dc/c7/62d7a17c26487ade21c5422b646110f2162f1fcc95980ef7f63e73c68f14/tomli-2.4.1-cp312-cp312-macosx_11_0_arm64.whl", hash = "sha256:7f86fd587c4ed9dd76f318225e7d9b29cfc5a9d43de44e5754db8d1128487085", size = 150018, upload-time = "2026-03-25T20:21:23.002Z" },
    { url = "https://files.pythonhosted.org/packages/5c/05/79d13d7c15f13bdef410bdd49a6485b1c37d28968314eabee452c22a7fda/tomli-2.4.1-cp312-cp312-manylinux2014_aarch64.manylinux_2_17_aarch64.manylinux_2_28_aarch64.whl", hash = "sha256:ff18e6a727ee0ab0388507b89d1bc6a22b138d1e2fa56d1ad494586d61d2eae9", size = 244948, upload-time = "2026-03-25T20:21:24.04Z" },
    { url = "https://files.pythonhosted.org/packages/10/90/d62ce007a1c80d0b2c93e02cab211224756240884751b94ca72df8a875ca/tomli-2.4.1-cp312-cp312-manylinux2014_x86_64.manylinux_2_17_x86_64.manylinux_2_28_x86_64.whl", hash = "sha256:136443dbd7e1dee43c68ac2694fde36b2849865fa258d39bf822c10e8068eac5", size = 253341, upload-time = "2026-03-25T20:21:25.177Z" },
    { url = "https://files.pythonhosted.org/packages/1a/7e/caf6496d60152ad4ed09282c1885cca4eea150bfd007da84aea07bcc0a3e/tomli-2.4.1-cp312-cp312-musllinux_1_2_aarch64.whl", hash = "sha256:5e262d41726bc187e69af7825504c933b6794dc3fbd5945e41a79bb14c31f585", size = 248159, upload-time = "2026-03-25T20:21:26.364Z" },
    { url = "https://files.pythonhosted.org/packages/99/e7/c6f69c3120de34bbd882c6fba7975f3d7a746e9218e56ab46a1bc4b42552/tomli-2.4.1-cp312-cp312-musllinux_1_2_x86_64.whl", hash = "sha256:5cb41aa38891e073ee49d55fbc7839cfdb2bc0e600add13874d048c94aadddd1", size = 253290, upload-time = "2026-03-25T20:21:27.46Z" },
    { url = "https://files.pythonhosted.org/packages/d6/2f/4a3c322f22c5c66c4b836ec58211641a4067364f5dcdd7b974b4c5da300c/tomli-2.4.1-cp312-cp312-win32.whl", hash = "sha256:da25dc3563bff5965356133435b757a795a17b17d01dbc0f42fb32447ddfd917", size = 98141, upload-time = "2026-03-25T20:21:28.492Z" },
    { url = "https://files.pythonhosted.org/packages/24/22/4daacd05391b92c55759d55eaee21e1dfaea86ce5c571f10083360adf534/tomli-2.4.1-cp312-cp312-win_amd64.whl", hash = "sha256:52c8ef851d9a240f11a88c003eacb03c31fc1c9c4ec64a99a0f922b93874fda9", size = 108847, upload-time = "2026-03-25T20:21:29.386Z" },
    { url = "https://files.pythonhosted.org/packages/68/fd/70e768887666ddd9e9f5d85129e84910f2db2796f9096aa02b721a53098d/tomli-2.4.1-cp312-cp312-win_arm64.whl", hash = "sha256:f758f1b9299d059cc3f6546ae2af89670cb1c4d48ea29c3cacc4fe7de3058257", size = 95088, upload-time = "2026-03-25T20:21:30.677Z" },
    { url = "https://files.pythonhosted.org/packages/07/06/b823a7e818c756d9a7123ba2cda7d07bc2dd32835648d1a7b7b7a05d848d/tomli-2.4.1-cp313-cp313-macosx_10_13_x86_64.whl", hash = "sha256:36d2bd2ad5fb9eaddba5226aa02c8ec3fa4f192631e347b3ed28186d43be6b54", size = 155866, upload-time = "2026-03-25T20:21:31.65Z" },
    { url = "https://files.pythonhosted.org/packages/14/6f/12645cf7f08e1a20c7eb8c297c6f11d31c1b50f316a7e7e1e1de6e2e7b7e/tomli-2.4.1-cp313-cp313-macosx_11_0_arm64.whl", hash = "sha256:eb0dc4e38e6a1fd579e5d50369aa2e10acfc9cace504579b2faabb478e76941a", size = 149887, upload-time = "2026-03-25T20:21:33.028Z" },
    { url = "https://files.pythonhosted.org/packages/5c/e0/90637574e5e7212c09099c67ad349b04ec4d6020324539297b634a0192b0/tomli-2.4.1-cp313-cp313-manylinux2014_aarch64.manylinux_2_17_aarch64.manylinux_2_28_aarch64.whl", hash = "sha256:c7f2c7f2b9ca6bdeef8f0fa897f8e05085923eb091721675170254cbc5b02897", size = 243704, upload-time = "2026-03-25T20:21:34.51Z" },
    { url = "https://files.pythonhosted.org/packages/10/8f/d3ddb16c5a4befdf31a23307f72828686ab2096f068eaf56631e136c1fdd/tomli-2.4.1-cp313-cp313-manylinux2014_x86_64.manylinux_2_17_x86_64.manylinux_2_28_x86_64.whl", hash = "sha256:f3c6818a1a86dd6dca7ddcaaf76947d5ba31aecc28cb1b67009a5877c9a64f3f", size = 251628, upload-time = "2026-03-25T20:21:36.012Z" },
    { url = "https://files.pythonhosted.org/packages/e3/f1/dbeeb9116715abee2485bf0a12d07a8f31af94d71608c171c45f64c0469d/tomli-2.4.1-cp313-cp313-musllinux_1_2_aarch64.whl", hash = "sha256:d312ef37c91508b0ab2cee7da26ec0b3ed2f03ce12bd87a588d771ae15dcf82d", size = 247180, upload-time = "2026-03-25T20:21:37.136Z" },
    { url = "https://files.pythonhosted.org/packages/d3/74/16336ffd19ed4da28a70959f92f506233bd7cfc2332b20bdb01591e8b1d1/tomli-2.4.1-cp313-cp313-musllinux_1_2_x86_64.whl", hash = "sha256:51529d40e3ca50046d7606fa99ce3956a617f9b36380da3b7f0dd3dd28e68cb5", size = 251674, upload-time = "2026-03-25T20:21:38.298Z" },
    { url = "https://files.pythonhosted.org/packages/16/f9/229fa3434c590ddf6c0aa9af64d3af4b752540686cace29e6281e3458469/tomli-2.4.1-cp313-cp313-win32.whl", hash = "sha256:2190f2e9dd7508d2a90ded5ed369255980a1bcdd58e52f7fe24b8162bf9fedbd", size = 97976, upload-time = "2026-03-25T20:21:39.316Z" },
    { url = "https://files.pythonhosted.org/packages/6a/1e/71dfd96bcc1c775420cb8befe7a9d35f2e5b1309798f009dca17b7708c1e/tomli-2.4.1-cp313-cp313-win_amd64.whl", hash = "sha256:8d65a2fbf9d2f8352685bc1364177ee3923d6baf5e7f43ea4959d7d8bc326a36", size = 108755, upload-time = "2026-03-25T20:21:40.248Z" },
    { url = "https://files.pythonhosted.org/packages/83/7a/d34f422a021d62420b78f5c538e5b102f62bea616d1d75a13f0a88acb04a/tomli-2.4.1-cp313-cp313-win_arm64.whl", hash = "sha256:4b605484e43cdc43f0954ddae319fb75f04cc10dd80d830540060ee7cd0243cd", size = 95265, upload-time = "2026-03-25T20:21:41.219Z" },
    { url = "https://files.pythonhosted.org/packages/3c/fb/9a5c8d27dbab540869f7c1f8eb0abb3244189ce780ba9cd73f3770662072/tomli-2.4.1-cp314-cp314-macosx_10_15_x86_64.whl", hash = "sha256:fd0409a3653af6c147209d267a0e4243f0ae46b011aa978b1080359fddc9b6cf", size = 155726, upload-time = "2026-03-25T20:21:42.23Z" },
    { url = "https://files.pythonhosted.org/packages/62/05/d2f816630cc771ad836af54f5001f47a6f611d2d39535364f148b6a92d6b/tomli-2.4.1-cp314-cp314-macosx_11_0_arm64.whl", hash = "sha256:a120733b01c45e9a0c34aeef92bf0cf1d56cfe81ed9d47d562f9ed591a9828ac", size = 149859, upload-time = "2026-03-25T20:21:43.386Z" },
    { url = "https://files.pythonhosted.org/packages/ce/48/66341bdb858ad9bd0ceab5a86f90eddab127cf8b046418009f2125630ecb/tomli-2.4.1-cp314-cp314-manylinux2014_aarch64.manylinux_2_17_aarch64.manylinux_2_28_aarch64.whl", hash = "sha256:559db847dc486944896521f68d8190be1c9e719fced785720d2216fe7022b662", size = 244713, upload-time = "2026-03-25T20:21:44.474Z" },
    { url = "https://files.pythonhosted.org/packages/df/6d/c5fad00d82b3c7a3ab6189bd4b10e60466f22cfe8a08a9394185c8a8111c/tomli-2.4.1-cp314-cp314-manylinux2014_x86_64.manylinux_2_17_x86_64.manylinux_2_28_x86_64.whl", hash = "sha256:01f520d4f53ef97964a240a035ec2a869fe1a37dde002b57ebc4417a27ccd853", size = 252084, upload-time = "2026-03-25T20:21:45.62Z" },
    { url = "https://files.pythonhosted.org/packages/00/71/3a69e86f3eafe8c7a59d008d245888051005bd657760e96d5fbfb0b740c2/tomli-2.4.1-cp314-cp314-musllinux_1_2_aarch64.whl", hash = "sha256:7f94b27a62cfad8496c8d2513e1a222dd446f095fca8987fceef261225538a15", size = 247973, upload-time = "2026-03-25T20:21:46.937Z" },
    { url = "https://files.pythonhosted.org/packages/67/50/361e986652847fec4bd5e4a0208752fbe64689c603c7ae5ea7cb16b1c0ca/tomli-2.4.1-cp314-cp314-musllinux_1_2_x86_64.whl", hash = "sha256:ede3e6487c5ef5d28634ba3f31f989030ad6af71edfb0055cbbd14189ff240ba", size = 256223, upload-time = "2026-03-25T20:21:48.467Z" },
    { url = "https://files.pythonhosted.org/packages/8c/9a/b4173689a9203472e5467217e0154b00e260621caa227b6fa01feab16998/tomli-2.4.1-cp314-cp314-win32.whl", hash = "sha256:3d48a93ee1c9b79c04bb38772ee1b64dcf18ff43085896ea460ca8dec96f35f6", size = 98973, upload-time = "2026-03-25T20:21:49.526Z" },
    { url = "https://files.pythonhosted.org/packages/14/58/640ac93bf230cd27d002462c9af0d837779f8773bc03dee06b5835208214/tomli-2.4.1-cp314-cp314-win_amd64.whl", hash = "sha256:88dceee75c2c63af144e456745e10101eb67361050196b0b6af5d717254dddf7", size = 109082, upload-time = "2026-03-25T20:21:50.506Z" },
    { url = "https://files.pythonhosted.org/packages/d5/2f/702d5e05b227401c1068f0d386d79a589bb12bf64c3d2c72ce0631e3bc49/tomli-2.4.1-cp314-cp314-win_arm64.whl", hash = "sha256:b8c198f8c1805dc42708689ed6864951fd2494f924149d3e4bce7710f8eb5232", size = 96490, upload-time = "2026-03-25T20:21:51.474Z" },
    { url = "https://files.pythonhosted.org/packages/45/4b/b877b05c8ba62927d9865dd980e34a755de541eb65fffba52b4cc495d4d2/tomli-2.4.1-cp314-cp314t-macosx_10_15_x86_64.whl", hash = "sha256:d4d8fe59808a54658fcc0160ecfb1b30f9089906c50b23bcb4c69eddc19ec2b4", size = 164263, upload-time = "2026-03-25T20:21:52.543Z" },
    { url = "https://files.pythonhosted.org/packages/24/79/6ab420d37a270b89f7195dec5448f79400d9e9c1826df982f3f8e97b24fd/tomli-2.4.1-cp314-cp314t-macosx_11_0_arm64.whl", hash = "sha256:7008df2e7655c495dd12d2a4ad038ff878d4ca4b81fccaf82b714e07eae4402c", size = 160736, upload-time = "2026-03-25T20:21:53.674Z" },
    { url = "https://files.pythonhosted.org/packages/02/e0/3630057d8eb170310785723ed5adcdfb7d50cb7e6455f85ba8a3deed642b/tomli-2.4.1-cp314-cp314t-manylinux2014_aarch64.manylinux_2_17_aarch64.manylinux_2_28_aarch64.whl", hash = "sha256:1d8591993e228b0c930c4bb0db464bdad97b3289fb981255d6c9a41aedc84b2d", size = 270717, upload-time = "2026-03-25T20:21:55.129Z" },
    { url = "https://files.pythonhosted.org/packages/7a/b4/1613716072e544d1a7891f548d8f9ec6ce2faf42ca65acae01d76ea06bb0/tomli-2.4.1-cp314-cp314t-manylinux2014_x86_64.manylinux_2_17_x86_64.manylinux_2_28_x86_64.whl", hash = "sha256:734e20b57ba95624ecf1841e72b53f6e186355e216e5412de414e3c51e5e3c41", size = 278461, upload-time = "2026-03-25T20:21:56.228Z" },
    { url = "https://files.pythonhosted.org/packages/05/38/30f541baf6a3f6df77b3df16b01ba319221389e2da59427e221ef417ac0c/tomli-2.4.1-cp314-cp314t-musllinux_1_2_aarch64.whl", hash = "sha256:8a650c2dbafa08d42e51ba0b62740dae4ecb9338eefa093aa5c78ceb546fcd5c", size = 274855, upload-time = "2026-03-25T20:21:57.653Z" },
    { url = "https://files.pythonhosted.org/packages/77/a3/ec9dd4fd2c38e98de34223b995a3b34813e6bdadf86c75314c928350ed14/tomli-2.4.1-cp314-cp314t-musllinux_1_2_x86_64.whl", hash = "sha256:504aa796fe0569bb43171066009ead363de03675276d2d121ac1a4572397870f", size = 283144, upload-time = "2026-03-25T20:21:59.089Z" },
    { url = "https://files.pythonhosted.org/packages/ef/be/605a6261cac79fba2ec0c9827e986e00323a1945700969b8ee0b30d85453/tomli-2.4.1-cp314-cp314t-win32.whl", hash = "sha256:b1d22e6e9387bf4739fbe23bfa80e93f6b0373a7f1b96c6227c32bef95a4d7a8", size = 108683, upload-time = "2026-03-25T20:22:00.214Z" },
    { url = "https://files.pythonhosted.org/packages/12/64/da524626d3b9cc40c168a13da8335fe1c51be12c0a63685cc6db7308daae/tomli-2.4.1-cp314-cp314t-win_amd64.whl", hash = "sha256:2c1c351919aca02858f740c6d33adea0c5deea37f9ecca1cc1ef9e884a619d26", size = 121196, upload-time = "2026-03-25T20:22:01.169Z" },
    { url = "https://files.pythonhosted.org/packages/5a/cd/e80b62269fc78fc36c9af5a6b89c835baa8af28ff5ad28c7028d60860320/tomli-2.4.1-cp314-cp314t-win_arm64.whl", hash = "sha256:eab21f45c7f66c13f2a9e0e1535309cee140182a9cdae1e041d02e47291e8396", size = 100393, upload-time = "2026-03-25T20:22:02.137Z" },
    { url = "https://files.pythonhosted.org/packages/7b/61/cceae43728b7de99d9b847560c262873a1f6c98202171fd5ed62640b494b/tomli-2.4.1-py3-none-any.whl", hash = "sha256:0d85819802132122da43cb86656f8d1f8c6587d54ae7dcaf30e90533028b49fe", size = 14583, upload-time = "2026-03-25T20:22:03.012Z" },
]

[[package]]
name = "typing-extensions"
version = "4.16.0"
source = { registry = "https://pypi.org/simple" }
sdist = { url = "https://files.pythonhosted.org/packages/f6/cc/6253133b5bb138fc3306cebfbda2c520f545d36b5be2c7255cc528bb45d6/typing_extensions-4.16.0.tar.gz", hash = "sha256:dc983d19a509c94dba722ee6abd33940f7c05a89e243c47e907eb4db6f1a43e5", size = 113555, upload-time = "2026-07-02T08:40:05.92Z" }
wheels = [
    { url = "https://files.pythonhosted.org/packages/49/d3/b8441a820a491ddfc024b0b0cf0393375b75ea13866d9c66727e54c2fc80/typing_extensions-4.16.0-py3-none-any.whl", hash = "sha256:481caa481374e813c1b176ada14e97f1f67a4539ce9cfeb3f350d78d6370c2e8", size = 45571, upload-time = "2026-07-02T08:40:04.659Z" },
]
